
Microsoft Visual Studio Solution File, Format Version 12.00
# Visual Studio Version 16
VisualStudioVersion = 16.0.30503.244
MinimumVisualStudioVersion = 10.0.40219.1
Project("{FAE04EC0-301F-11D3-BF4B-00C04F79EFBC}") = "CurrencyConverter", "CurrencyConverter\CurrencyConverter.csproj", "{F870FCCA-5C47-466B-B74C-ED128B834141}"
EndProject
Global
	GlobalSection(SolutionConfigurationPlatforms) = preSolution
		Debug|Any CPU = Debug|Any CPU
		Release|Any CPU = Release|Any CPU
	EndGlobalSection
	GlobalSection(ProjectConfigurationPlatforms) = postSolution
		{F870FCCA-5C47-466B-B74C-ED128B834141}.Debug|Any CPU.ActiveCfg = Debug|Any CPU
		{F870FCCA-5C47-466B-B74C-ED128B834141}.Debug|Any CPU.Build.0 = Debug|Any CPU
		{F870FCCA-5C47-466B-B74C-ED128B834141}.Release|Any CPU.ActiveCfg = Release|Any CPU
		{F870FCCA-5C47-466B-B74C-ED128B834141}.Release|Any CPU.Build.0 = Release|Any CPU
	EndGlobalSection
	GlobalSection(SolutionProperties) = preSolution
		HideSolutionNode = FALSE
	EndGlobalSection
	GlobalSection(ExtensibilityGlobals) = postSolution
		SolutionGuid = {638D9F02-3AF5-42E4-B2F1-2EF0BA856C23}
	EndGlobalSection
EndGlobal
